
Microsoft Visual Studio Solution File, Format Version 12.00
# Visual Studio 14
VisualStudioVersion = 14.0.25420.1
MinimumVisualStudioVersion = 10.0.40219.1
Project("{E24C65DC-7377-472B-9ABA-BC803B73C61A}") = "社团", ".", "{6E9966A3-1B86-4493-BF3A-FD3E9CDE2D43}"
	ProjectSection(WebsiteProperties) = preProject
		TargetFrameworkMoniker = ".NETFramework,Version%3Dv3.5"
		Debug.AspNetCompiler.VirtualPath = "/ClubWeb"
		Debug.AspNetCompiler.PhysicalPath = "..\社团\"
		Debug.AspNetCompiler.TargetPath = "PrecompiledWeb\ClubWeb\"
		Debug.AspNetCompiler.Updateable = "true"
		Debug.AspNetCompiler.ForceOverwrite = "true"
		Debug.AspNetCompiler.FixedNames = "false"
		Debug.AspNetCompiler.Debug = "True"
		Release.AspNetCompiler.VirtualPath = "/ClubWeb"
		Release.AspNetCompiler.PhysicalPath = "..\社团\"
		Release.AspNetCompiler.TargetPath = "PrecompiledWeb\ClubWeb\"
		Release.AspNetCompiler.Updateable = "true"
		Release.AspNetCompiler.ForceOverwrite = "true"
		Release.AspNetCompiler.FixedNames = "false"
		Release.AspNetCompiler.Debug = "False"
		VWDPort = "6869"
		SlnRelativePath = "..\社团\"
	EndProjectSection
EndProject
Global
	GlobalSection(SolutionConfigurationPlatforms) = preSolution
		Debug|.NET = Debug|.NET
	EndGlobalSection
	GlobalSection(ProjectConfigurationPlatforms) = postSolution
		{6E9966A3-1B86-4493-BF3A-FD3E9CDE2D43}.Debug|.NET.ActiveCfg = Debug|Any CPU
		{6E9966A3-1B86-4493-BF3A-FD3E9CDE2D43}.Debug|.NET.Build.0 = Debug|Any CPU
	EndGlobalSection
	GlobalSection(SolutionProperties) = preSolution
		HideSolutionNode = FALSE
	EndGlobalSection
EndGlobal
